
Microsoft Visual Studio Solution File, Format Version 12.00
# Visual Studio Version 17
VisualStudioVersion = 17.4.33213.308
MinimumVisualStudioVersion = 10.0.40219.1
Project("{FAE04EC0-301F-11D3-BF4B-00C04F79EFBC}") = "Classwork", "Classwork\Classwork.csproj", "{BDDFC97C-FDEC-4521-9B36-2DD9400D9A7E}"
EndProject
Global
	GlobalSection(SolutionConfigurationPlatforms) = preSolution
		Debug|Any CPU = Debug|Any CPU
		Release|Any CPU = Release|Any CPU
	EndGlobalSection
	GlobalSection(ProjectConfigurationPlatforms) = postSolution
		{BDDFC97C-FDEC-4521-9B36-2DD9400D9A7E}.Debug|Any CPU.ActiveCfg = Debug|Any CPU
		{BDDFC97C-FDEC-4521-9B36-2DD9400D9A7E}.Debug|Any CPU.Build.0 = Debug|Any CPU
		{BDDFC97C-FDEC-4521-9B36-2DD9400D9A7E}.Release|Any CPU.ActiveCfg = Release|Any CPU
		{BDDFC97C-FDEC-4521-9B36-2DD9400D9A7E}.Release|Any CPU.Build.0 = Release|Any CPU
	EndGlobalSection
	GlobalSection(SolutionProperties) = preSolution
		HideSolutionNode = FALSE
	EndGlobalSection
	GlobalSection(ExtensibilityGlobals) = postSolution
		SolutionGuid = {AF2E49C5-B2CE-48BC-B7B8-0D4303254E8C}
	EndGlobalSection
EndGlobal
